# THIS IS AN AUTOGENERATED FILE. DO NOT EDIT THIS FILE DIRECTLY.
assets/arrow-down.svg.liquid:
  development: 2018-04-26T07:41:11+03:00   8ef09e0a76c55257323a2545c5fd0446
assets/custom.css:
  development: 2018-06-26T09:07:57+03:00   e089670468a774a5325010cd8806269f
assets/favicon.png:
  development: 2018-04-26T07:41:11+03:00   4717ecfa96eff6962cf4a9f77b9f318d
assets/ico-select.svg.liquid:
  development: 2018-04-26T07:41:11+03:00   9c9cc5a57cc74a0a64c2f62b1370a920
assets/icons.eot:
  development: 2018-04-26T07:41:12+03:00   d9298880d3b2144286817611ee553323
assets/icons.json:
  development: 2018-04-26T07:41:12+03:00   2ffd5ff4f7b48ae78467f1e06aec1aca
assets/icons.svg:
  development: 2018-04-26T07:41:12+03:00   fcf3a5e8489050441b1870332027ccb3
assets/icons.ttf:
  development: 2018-04-26T07:41:12+03:00   29bf8cc4e0442a16f51eb8b33acfd65f
assets/icons.woff:
  development: 2018-04-26T07:41:12+03:00   6731db28f8e97157a6dc482facb4b516
assets/jquery-2.2.3.min.js:
  development: 2018-04-26T07:41:13+03:00   33cabfa15c1060aaa3d207c653afb1ee
assets/lazysizes.min.js:
  development: 2018-04-26T07:41:13+03:00   8fc061cfd013f332ea7efccaa11268a0
assets/logo.png:
  development: 2018-04-26T07:41:13+03:00   a09f6aa00a3d3910de0f6bdf9b5b4caf
assets/password-page-background.jpg:
  development: 2018-04-26T07:41:13+03:00   4d5821272f875e5c11dd3a8c8e1d6133
assets/phone-1.png:
  development: 2018-06-01T16:01:04+03:00   4ba7e1ba6a8b7d9ddf10520f26c1ebed
assets/phone-call.png:
  development: 2018-06-01T16:01:34+03:00   908d8066332e04cdfad46756f0d2abf3
assets/phone.png:
  development: 2018-06-01T15:54:33+03:00   c4343c367b09e0b686d845498edd66fe
assets/respond-proxy.html:
  development: 2018-04-26T07:41:14+03:00   f750e28e1c34dfc5cd717a047df88877
assets/sca-jquery.fancybox.css:
  development: 2018-04-26T07:41:14+03:00   3bf647fcd6ab1b98a4fddcb72ed64320
assets/sca-quick-view.css:
  development: 2018-04-26T07:41:14+03:00   4292598585d67f26da67bbc705dd05ae
assets/sca-qv-no-image.jpg:
  development: 2018-04-26T07:41:14+03:00   0688db33c9498c71d7f258d6d56918d8
assets/sca-qv-scripts-noconfig.js:
  development: 2018-04-26T07:41:14+03:00   b98c9d4c6dbc46e0a60be3c87791ad5c
assets/theme.js.liquid:
  development: 2018-04-26T07:41:15+03:00   a4a2b65fb58eb94d9228e647af746a19
assets/theme.scss.liquid:
  development: 2018-04-26T07:41:15+03:00   2dfc4ca1ee1b7e43252096cad992d5af
assets/vendor.js:
  development: 2018-04-26T07:41:15+03:00   c959f3dc21ee3bd646faa2d6ce353737
config/settings_data.json:
  development: 2018-06-26T13:20:15+03:00   7f3df211127e1def9d102dbcbc3ec95b
config/settings_schema.json:
  development: 2018-04-26T07:41:19+03:00   dfab8a3c41c803ed235a39bd409c8b2c
layout/gift_card.liquid:
  development: 2018-04-26T07:41:15+03:00   bff6cb43d7f1989f47e47439f3bad160
layout/password.liquid:
  development: 2018-04-26T07:41:15+03:00   0395ed8b049c806a0abe64618dabe730
layout/theme.liquid:
  development: 2018-07-27T10:26:51+03:00   3708d85f084cfbbae0f25c96ba2a529a
locales/de.json:
  development: 2018-04-26T07:41:15+03:00   2902abc964af671d63d738b37c90e554
locales/en.default.json:
  development: 2018-04-26T07:41:16+03:00   d6139ae48e9cc0e2e0c1a1ba4d86dae2
locales/es.json:
  development: 2018-04-26T07:41:16+03:00   398c6fe7007e6e84ce92c6483cdd5bdb
locales/fr.json:
  development: 2018-04-26T07:41:16+03:00   dadb22734801d490eb73697f95b38e9c
locales/he.json:
  development: 2018-06-26T13:22:14+03:00   3fbe6ab46de42677456901252a8a56fb
locales/it.json:
  development: 2018-04-26T07:41:16+03:00   72c27a6b8ed1eb67dde3a19911d7d6b4
locales/ja.json:
  development: 2018-04-26T07:41:16+03:00   6c79f2c3f3802f2a580ef186187c1ebf
locales/pt-BR.json:
  development: 2018-04-26T07:41:16+03:00   9feea14d9388db883e7d454e5ba6ee33
locales/pt-PT.json:
  development: 2018-04-26T07:41:16+03:00   007cc39294ffface7ce88082619d27df
sections/advanced-content.liquid:
  development: 2018-04-26T07:41:09+03:00   49a68b78cf729aa0a5c0946f931591b0
sections/article-template.liquid:
  development: 2018-04-26T07:41:09+03:00   802c53ced50bfc0b644daa19a5dd7da8
sections/collection-list-template.liquid:
  development: 2018-04-26T07:41:09+03:00   4a9eb76f73bebfce4816e279c7e78e33
sections/collection-list.liquid:
  development: 2018-04-26T07:41:09+03:00   93d9428e14fcc4e64940b4bc910ca237
sections/collection-rows.liquid:
  development: 2018-04-26T07:41:10+03:00   d267f1bb11fc214b7432417bcbe757a3
sections/collection-template.liquid:
  development: 2018-04-26T07:41:10+03:00   99631713d620337a16e7039cca5aa042
sections/featured-blog.liquid:
  development: 2018-04-26T07:41:10+03:00   9596cc0ca7146fd774cd8884fe6628cf
sections/featured-content.liquid:
  development: 2018-04-26T07:41:10+03:00   399e09fd921fdd1a59ac8d0e7b36d717
sections/featured-product.liquid:
  development: 2018-04-26T07:41:10+03:00   619b0721279822067db7e29e772777cd
sections/footer.liquid:
  development: 2018-06-01T15:41:15+03:00   7528d42af5bbaf3efd80f26f6ce0daa6
sections/header.liquid:
  development: 2018-06-05T06:39:40+03:00   789e5ac44608b9ee2db7140cda9e5b86
sections/image-with-text.liquid:
  development: 2018-04-26T07:41:10+03:00   c471152e3fb8f9110e270c8973e82634
sections/list-collections-template.liquid:
  development: 2018-04-26T07:41:10+03:00   aa82f8ffc69821f40dd3cf221fff29a3
sections/map.liquid:
  development: 2018-04-26T07:41:10+03:00   a5ce0cff41cacb30c7d20a925397bb30
sections/newsletter.liquid:
  development: 2018-04-26T07:41:10+03:00   e85ab0759e14cd1c268ee0ad36ad6380
sections/password-content.liquid:
  development: 2018-04-26T07:41:10+03:00   d8935b7f46993204cfb69a7279fb7514
sections/password-header.liquid:
  development: 2018-04-26T07:41:10+03:00   b088de186d393df7e212cb41e19b07ea
sections/product-template.liquid:
  development: 2018-06-04T15:47:51+03:00   858e95df37282110601ba749d97ae852
sections/search-template.liquid:
  development: 2018-04-26T07:41:10+03:00   b568bd14813355938b7fe3c941b76707
sections/slideshow.liquid:
  development: 2018-04-26T07:41:10+03:00   e7ef1cd15efe9ff12c9d0ed8e5a3fdec
sections/video.liquid:
  development: 2018-04-26T07:41:10+03:00   75b431c3e9e256027cf7fa30058d0554
snippets/address.liquid:
  development: 2018-04-26T07:41:16+03:00   1088779134ed119911cf34417509d9cc
snippets/advanced-tag-loop.liquid:
  development: 2018-04-26T07:41:16+03:00   2ff7c90ebcb11d58cbf72b41e39a2732
snippets/ajax-cart-template.liquid:
  development: 2018-04-26T07:41:16+03:00   caa686b2bc807db857d1e512af70c086
snippets/bgset.liquid:
  development: 2018-04-26T07:41:16+03:00   85889bbc39b57621f32fad66317366fc
snippets/blog-sidebar.liquid:
  development: 2018-04-26T07:41:16+03:00   7239c9eff2b50455c921a76d40bcdd21
snippets/breadcrumb.liquid:
  development: 2018-04-26T07:41:16+03:00   0c86e362f4aff497072d2b633e68f4f7
snippets/cart-add-on.liquid:
  development: 2018-04-26T07:41:16+03:00   477bfd7dbd3767381459703c0818bcb9
snippets/collection-grid-item.liquid:
  development: 2018-04-26T07:41:16+03:00   9a3fe20f1ef37cf9f6d703a92097c8ec
snippets/collection-list-item.liquid:
  development: 2018-04-26T07:41:16+03:00   8d745a36d035703f797a505800204f2d
snippets/collection-sidebar.liquid:
  development: 2018-04-26T07:41:16+03:00   5cf422f449c1adc515e0e4ef4a50678c
snippets/collection-sorting.liquid:
  development: 2018-04-26T07:41:16+03:00   e8303194aea8b81fa1bf7b6a50fa9703
snippets/collection-views.liquid:
  development: 2018-04-26T07:41:17+03:00   ae20d9e98aec0d442c77eb7f8f5135cf
snippets/comment.liquid:
  development: 2018-04-26T07:41:17+03:00   f05ec37200b573bd7af44200c40e441c
snippets/date.liquid:
  development: 2018-04-26T07:41:17+03:00   cb7efb8fb1489dee9a3e0b6f051648e7
snippets/featured-blog.liquid:
  development: 2018-04-26T07:41:17+03:00   d7dff318b65c044ae9cd7d46fc06992e
snippets/featured-collection.liquid:
  development: 2018-04-26T07:41:17+03:00   f330599f291c5e4d902bf85109c59e1c
snippets/form-errors-custom.liquid:
  development: 2018-04-26T07:41:17+03:00   45e358383a6e0c2c3a6cfabef66d6914
snippets/google-fonts.liquid:
  development: 2018-04-26T07:41:17+03:00   27251a1473b2ad0c092c4e38a49dacb5
snippets/image-style.liquid:
  development: 2018-04-26T07:41:17+03:00   4b703fef7be9b6bfbaba0ba82d1291dd
snippets/locksmith-content-variables.liquid:
  development: 2018-04-26T07:41:17+03:00   1273d466f731992aa05fd6782f033273
snippets/locksmith-variables.liquid:
  development: 2018-04-26T07:41:17+03:00   8e088dda572475bc722f213f52bc1e81
snippets/locksmith.liquid:
  development: 2018-04-26T07:41:17+03:00   22c349e517a8e274a7c4fd7b6bd85fdd
snippets/mobile-nav.liquid:
  development: 2018-04-26T07:41:17+03:00   4352d381e33235fe532d6e8bbdef299d
snippets/newsletter-form.liquid:
  development: 2018-04-26T07:41:17+03:00   20c9c6ea9a891f96ce91443dd94aff85
snippets/oldIE-js.liquid:
  development: 2018-04-26T07:41:17+03:00   11909dd36f930c1e2043367d7e264788
snippets/onboarding-featured-blog.liquid:
  development: 2018-04-26T07:41:17+03:00   1d10fa92a6c98ce394e0de2a7200aa83
snippets/pagination-custom.liquid:
  development: 2018-04-26T07:41:17+03:00   4d1ca5c57944903250592098b01c0ddb
snippets/pagination.liquid:
  development: 2018-04-26T07:41:17+03:00   56f34e05b9c0983fde2f10dc9915d732
snippets/price-sale.liquid:
  development: 2018-04-26T07:41:17+03:00   ae229079541211eee1e584f0096258db
snippets/price.liquid:
  development: 2018-04-26T07:41:17+03:00   133a0f2835113c620f29deb918bc7d37
snippets/product-grid-item.liquid:
  development: 2018-04-26T07:41:18+03:00   f7287f19511c995929c1d26c81520083
snippets/product-list-item.liquid:
  development: 2018-04-26T07:41:18+03:00   fe04ea6809ca64376d7efd5a780e0716
snippets/related-products.liquid:
  development: 2018-04-26T07:41:18+03:00   082c2042f7f495fcee93d1cfdae6a270
snippets/respond.liquid:
  development: 2018-04-26T07:41:18+03:00   296108cb94e6cb82d515ebb93308ef68
snippets/sca-quick-view-init.liquid:
  development: 2018-04-26T07:41:18+03:00   776d95f5f36a89566e575b307f9b32a3
snippets/sca-quick-view-template.liquid:
  development: 2018-04-26T07:41:18+03:00   392b78ec214a2696d7cfd28771fd558d
snippets/sca-quick-view.liquid:
  development: 2018-04-26T07:41:18+03:00   cbe79bbe88087f73401c986520ce1e26
snippets/search-bar.liquid:
  development: 2018-04-26T07:41:18+03:00   f943122e05065a07d45a9f55253fbfe9
snippets/search-result-grid.liquid:
  development: 2018-04-26T07:41:18+03:00   cd79d37c389f8a438a52dc1f8cbc4af1
snippets/search-result.liquid:
  development: 2018-04-26T07:41:18+03:00   7414351dee74533d501dc9e8baf46107
snippets/seo-title.liquid:
  development: 2018-04-26T07:41:18+03:00   36b22a17de7e344526d2511f7659375e
snippets/site-nav.liquid:
  development: 2018-04-26T07:41:18+03:00   56157e87b017b7d4a1fef39abdf68c9e
snippets/social-meta-tags.liquid:
  development: 2018-04-26T07:41:18+03:00   44f12767aff260fac79f094a57ef64f3
snippets/social-sharing.liquid:
  development: 2018-04-26T07:41:18+03:00   cfb6cc78cfa033dc864384728e1df4dc
snippets/svg-definitions.liquid:
  development: 2018-04-26T07:41:18+03:00   fe4fbc64d534e355fd8653de4ebac79a
snippets/tags-article.liquid:
  development: 2018-04-26T07:41:18+03:00   120135d63ee0fb78c22e0cc43b388cd8
snippets/toggle-filters.liquid:
  development: 2018-04-26T07:41:18+03:00   c37af0c27a3ca79684543cd280dc4fea
templates/404.liquid:
  development: 2018-04-26T07:41:18+03:00   2931cfb31594cb6c60dd6055defdb260
templates/article.liquid:
  development: 2018-04-26T07:41:18+03:00   5daa05ec94a09e61c83de1fdda71d460
templates/blog.liquid:
  development: 2018-04-26T07:41:18+03:00   f7cf195f7f36df9856267c2090dd5303
templates/cart.liquid:
  development: 2018-07-27T10:25:03+03:00   05f7dafe0273be3e8bf16533145e40f1
templates/collection.liquid:
  development: 2018-04-26T07:41:19+03:00   f1cfa9fa0a88084d19c50ea943759817
templates/collection.list.liquid:
  development: 2018-04-26T07:41:19+03:00   689b03f7cacaa2dc8cc8495f3df395af
templates/customers/account.liquid:
  development: 2018-04-26T07:41:19+03:00   5dd44d737533908bf7c1ad5292cad329
templates/customers/activate_account.liquid:
  development: 2018-04-26T07:41:19+03:00   472ebf4762bfb82869fde62c394abe40
templates/customers/addresses.liquid:
  development: 2018-04-26T07:41:19+03:00   8e1a1206e2864214a7b1fe7d73e2f02a
templates/customers/login.liquid:
  development: 2018-06-01T07:38:12+03:00   b1f893190bca08489fa483446371d83f
templates/customers/order.liquid:
  development: 2018-04-26T07:41:19+03:00   14ac1034b3e1ffc7dd13b662dfc820a9
templates/customers/register.liquid:
  development: 2018-04-26T07:41:19+03:00   0a3224e8ebb8c32452a9337841052f1d
templates/customers/reset_password.liquid:
  development: 2018-04-26T07:41:19+03:00   13689494286b2143deaf8e10f60e0e94
templates/gift_card.liquid:
  development: 2018-04-26T07:41:19+03:00   405897b1c4806e3d5a74142adbdb5453
templates/index.liquid:
  development: 2018-04-26T07:41:19+03:00   56b51b6f96394db4b17c64b43e1c0010
templates/index.sca.quickviewpro.liquid:
  development: 2018-04-26T07:41:19+03:00   827124e02c02d367705988166f712696
templates/list-collections.liquid:
  development: 2018-04-26T07:41:19+03:00   d42f6d6957169811896f646709d353d9
templates/page.contact.liquid:
  development: 2018-04-26T07:41:19+03:00   f62bcf84b6cb34133297dadcab355924
templates/page.liquid:
  development: 2018-04-26T07:41:19+03:00   9e264d02df278c51d9d1a0083da16189
templates/page.list-collections.liquid:
  development: 2018-04-26T07:41:19+03:00   15ad2844120e2757eb4ce5fc4c60b2db
templates/page.styles.liquid:
  development: 2018-04-26T07:41:19+03:00   362b960fdc5ca435e4a1c6eb1ff7ac40
templates/password.liquid:
  development: 2018-04-26T07:41:19+03:00   8087a75aa9fcdc259b26f17ab7d2d322
templates/product.liquid:
  development: 2018-04-26T07:41:19+03:00   8dc0a5ff5551ec620d64c92ba21689d8
templates/search.liquid:
  development: 2018-04-26T07:41:19+03:00   d8bfdd344b4a35a7ba9c6efc1c870203
